
Microsoft Visual Studio Solution File, Format Version 12.00
# Visual Studio Version 17
VisualStudioVersion = 17.14.36127.28 d17.14
MinimumVisualStudioVersion = 10.0.40219.1
Project("{FAE04EC0-301F-11D3-BF4B-00C04F79EFBC}") = "Overloading", "Overloading\Overloading.csproj", "{A12156EA-E743-4F12-A8A3-2384991B85A5}"
EndProject
Global
	GlobalSection(SolutionConfigurationPlatforms) = preSolution
		Debug|Any CPU = Debug|Any CPU
		Release|Any CPU = Release|Any CPU
	EndGlobalSection
	GlobalSection(ProjectConfigurationPlatforms) = postSolution
		{A12156EA-E743-4F12-A8A3-2384991B85A5}.Debug|Any CPU.ActiveCfg = Debug|Any CPU
		{A12156EA-E743-4F12-A8A3-2384991B85A5}.Debug|Any CPU.Build.0 = Debug|Any CPU
		{A12156EA-E743-4F12-A8A3-2384991B85A5}.Release|Any CPU.ActiveCfg = Release|Any CPU
		{A12156EA-E743-4F12-A8A3-2384991B85A5}.Release|Any CPU.Build.0 = Release|Any CPU
	EndGlobalSection
	GlobalSection(SolutionProperties) = preSolution
		HideSolutionNode = FALSE
	EndGlobalSection
	GlobalSection(ExtensibilityGlobals) = postSolution
		SolutionGuid = {794D7A20-8322-4BF4-807E-994648F07F87}
	EndGlobalSection
EndGlobal
