
Microsoft Visual Studio Solution File, Format Version 12.00
# Visual Studio Version 17
VisualStudioVersion = 17.14.36127.28 d17.14
MinimumVisualStudioVersion = 10.0.40219.1
Project("{FAE04EC0-301F-11D3-BF4B-00C04F79EFBC}") = "IfIf", "IfIf\IfIf.csproj", "{F65C7C66-2B06-4CDB-BD44-3A004C88030B}"
EndProject
Global
	GlobalSection(SolutionConfigurationPlatforms) = preSolution
		Debug|Any CPU = Debug|Any CPU
		Release|Any CPU = Release|Any CPU
	EndGlobalSection
	GlobalSection(ProjectConfigurationPlatforms) = postSolution
		{F65C7C66-2B06-4CDB-BD44-3A004C88030B}.Debug|Any CPU.ActiveCfg = Debug|Any CPU
		{F65C7C66-2B06-4CDB-BD44-3A004C88030B}.Debug|Any CPU.Build.0 = Debug|Any CPU
		{F65C7C66-2B06-4CDB-BD44-3A004C88030B}.Release|Any CPU.ActiveCfg = Release|Any CPU
		{F65C7C66-2B06-4CDB-BD44-3A004C88030B}.Release|Any CPU.Build.0 = Release|Any CPU
	EndGlobalSection
	GlobalSection(SolutionProperties) = preSolution
		HideSolutionNode = FALSE
	EndGlobalSection
	GlobalSection(ExtensibilityGlobals) = postSolution
		SolutionGuid = {473249D7-98B2-4AD4-A879-53F471E7F800}
	EndGlobalSection
EndGlobal
