
Microsoft Visual Studio Solution File, Format Version 12.00
# Visual Studio Version 17
VisualStudioVersion = 17.14.36127.28 d17.14
MinimumVisualStudioVersion = 10.0.40219.1
Project("{FAE04EC0-301F-11D3-BF4B-00C04F79EFBC}") = "InfiniteFor", "InfiniteFor\InfiniteFor.csproj", "{49B7385F-4E05-41AE-B590-CEA2280F2A19}"
EndProject
Global
	GlobalSection(SolutionConfigurationPlatforms) = preSolution
		Debug|Any CPU = Debug|Any CPU
		Release|Any CPU = Release|Any CPU
	EndGlobalSection
	GlobalSection(ProjectConfigurationPlatforms) = postSolution
		{49B7385F-4E05-41AE-B590-CEA2280F2A19}.Debug|Any CPU.ActiveCfg = Debug|Any CPU
		{49B7385F-4E05-41AE-B590-CEA2280F2A19}.Debug|Any CPU.Build.0 = Debug|Any CPU
		{49B7385F-4E05-41AE-B590-CEA2280F2A19}.Release|Any CPU.ActiveCfg = Release|Any CPU
		{49B7385F-4E05-41AE-B590-CEA2280F2A19}.Release|Any CPU.Build.0 = Release|Any CPU
	EndGlobalSection
	GlobalSection(SolutionProperties) = preSolution
		HideSolutionNode = FALSE
	EndGlobalSection
	GlobalSection(ExtensibilityGlobals) = postSolution
		SolutionGuid = {6DBCECC9-286A-4390-A3C6-FC9D79F73AC5}
	EndGlobalSection
EndGlobal
